
Microsoft Visual Studio Solution File, Format Version 12.00
# Visual Studio 15
Project("{FAE04EC0-301F-11D3-BF4B-00C04F79EFBC}") = "Assembly-CSharp", "Assembly-CSharp.csproj", "{2813FACF-77A1-6B11-4A1C-4BD8913FB51C}"
EndProject
Project("{FAE04EC0-301F-11D3-BF4B-00C04F79EFBC}") = "Assembly-CSharp-Editor", "Assembly-CSharp-Editor.csproj", "{FD1F1C90-7676-D150-76D9-C65C5251C4DF}"
EndProject
Global
	GlobalSection(SolutionConfigurationPlatforms) = preSolution
		Debug|Any CPU = Debug|Any CPU
		Release|Any CPU = Release|Any CPU
	EndGlobalSection
	GlobalSection(ProjectConfigurationPlatforms) = postSolution
		{2813FACF-77A1-6B11-4A1C-4BD8913FB51C}.Debug|Any CPU.ActiveCfg = Debug|Any CPU
		{2813FACF-77A1-6B11-4A1C-4BD8913FB51C}.Debug|Any CPU.Build.0 = Debug|Any CPU
		{2813FACF-77A1-6B11-4A1C-4BD8913FB51C}.Release|Any CPU.ActiveCfg = Release|Any CPU
		{2813FACF-77A1-6B11-4A1C-4BD8913FB51C}.Release|Any CPU.Build.0 = Release|Any CPU
		{FD1F1C90-7676-D150-76D9-C65C5251C4DF}.Debug|Any CPU.ActiveCfg = Debug|Any CPU
		{FD1F1C90-7676-D150-76D9-C65C5251C4DF}.Debug|Any CPU.Build.0 = Debug|Any CPU
		{FD1F1C90-7676-D150-76D9-C65C5251C4DF}.Release|Any CPU.ActiveCfg = Release|Any CPU
		{FD1F1C90-7676-D150-76D9-C65C5251C4DF}.Release|Any CPU.Build.0 = Release|Any CPU
	EndGlobalSection
	GlobalSection(SolutionProperties) = preSolution
		HideSolutionNode = FALSE
	EndGlobalSection
EndGlobal
